
Microsoft Visual Studio Solution File, Format Version 12.00
# Visual Studio Version 17
VisualStudioVersion = 17.11.35222.181
MinimumVisualStudioVersion = 10.0.40219.1
Project("{FAE04EC0-301F-11D3-BF4B-00C04F79EFBC}") = "Abstracciones", "Abstracciones\Abstracciones.csproj", "{37D91FA3-DD23-4615-A8A3-857BF7B1FE08}"
EndProject
Project("{00D1A9C2-B5F0-4AF3-8072-F6C62B433612}") = "BD", "BD\BD.sqlproj", "{73CF90F5-DD6D-412B-8618-A7172A133525}"
EndProject
Project("{FAE04EC0-301F-11D3-BF4B-00C04F79EFBC}") = "DA", "DA\DA.csproj", "{1F22FAF5-D743-4DB7-89E3-8CB5F6A4A0C1}"
EndProject
Project("{FAE04EC0-301F-11D3-BF4B-00C04F79EFBC}") = "Flujo", "Flujo\Flujo.csproj", "{7EBAAA8B-0245-40B5-8676-6AEAFCC4AE76}"
EndProject
Project("{FAE04EC0-301F-11D3-BF4B-00C04F79EFBC}") = "API", "API\API.csproj", "{49138C7B-3491-440C-88C7-0F35BC6463CE}"
EndProject
Project("{FAE04EC0-301F-11D3-BF4B-00C04F79EFBC}") = "Reglas", "Reglas\Reglas.csproj", "{C52E5D1E-84EA-2286-5FB9-75F33C370D27}"
EndProject
Project("{FAE04EC0-301F-11D3-BF4B-00C04F79EFBC}") = "Autorizacion.Middleware", "..\..\2025C02\Ejemplos\Seguridad\Seguridad.MiddlewareAutorizacion\Autorizacion.Middleware\Autorizacion.Middleware.csproj", "{2BE346C3-68F0-C21C-9E77-A19F2D5CC3FC}"
EndProject
Project("{FAE04EC0-301F-11D3-BF4B-00C04F79EFBC}") = "Autorizacion.Abstracciones", "..\..\2025C02\Ejemplos\Seguridad\Seguridad.MiddlewareAutorizacion\Autorizacion.Abstracciones\Autorizacion.Abstracciones.csproj", "{C6DFEB89-25D1-D0DA-0277-CC0B7D1587AB}"
EndProject
Project("{FAE04EC0-301F-11D3-BF4B-00C04F79EFBC}") = "Autorizacion.Flujo", "..\..\2025C02\Ejemplos\Seguridad\Seguridad.MiddlewareAutorizacion\Abstracciones.BW\Autorizacion.Flujo.csproj", "{1069BC82-7303-C6B1-E2C4-0FD3F5E2664F}"
EndProject
Project("{FAE04EC0-301F-11D3-BF4B-00C04F79EFBC}") = "Autorizacion.DA", "..\..\2025C02\Ejemplos\Seguridad\Seguridad.MiddlewareAutorizacion\Autorizacion.DA\Autorizacion.DA.csproj", "{471C34D2-AB3B-68BD-C88A-81FDD22E66A7}"
EndProject
Global
	GlobalSection(SolutionConfigurationPlatforms) = preSolution
		Debug|Any CPU = Debug|Any CPU
		Release|Any CPU = Release|Any CPU
	EndGlobalSection
	GlobalSection(ProjectConfigurationPlatforms) = postSolution
		{37D91FA3-DD23-4615-A8A3-857BF7B1FE08}.Debug|Any CPU.ActiveCfg = Debug|Any CPU
		{37D91FA3-DD23-4615-A8A3-857BF7B1FE08}.Debug|Any CPU.Build.0 = Debug|Any CPU
		{37D91FA3-DD23-4615-A8A3-857BF7B1FE08}.Release|Any CPU.ActiveCfg = Release|Any CPU
		{37D91FA3-DD23-4615-A8A3-857BF7B1FE08}.Release|Any CPU.Build.0 = Release|Any CPU
		{73CF90F5-DD6D-412B-8618-A7172A133525}.Debug|Any CPU.ActiveCfg = Debug|Any CPU
		{73CF90F5-DD6D-412B-8618-A7172A133525}.Debug|Any CPU.Build.0 = Debug|Any CPU
		{73CF90F5-DD6D-412B-8618-A7172A133525}.Debug|Any CPU.Deploy.0 = Debug|Any CPU
		{73CF90F5-DD6D-412B-8618-A7172A133525}.Release|Any CPU.ActiveCfg = Release|Any CPU
		{73CF90F5-DD6D-412B-8618-A7172A133525}.Release|Any CPU.Build.0 = Release|Any CPU
		{73CF90F5-DD6D-412B-8618-A7172A133525}.Release|Any CPU.Deploy.0 = Release|Any CPU
		{1F22FAF5-D743-4DB7-89E3-8CB5F6A4A0C1}.Debug|Any CPU.ActiveCfg = Debug|Any CPU
		{1F22FAF5-D743-4DB7-89E3-8CB5F6A4A0C1}.Debug|Any CPU.Build.0 = Debug|Any CPU
		{1F22FAF5-D743-4DB7-89E3-8CB5F6A4A0C1}.Release|Any CPU.ActiveCfg = Release|Any CPU
		{1F22FAF5-D743-4DB7-89E3-8CB5F6A4A0C1}.Release|Any CPU.Build.0 = Release|Any CPU
		{7EBAAA8B-0245-40B5-8676-6AEAFCC4AE76}.Debug|Any CPU.ActiveCfg = Debug|Any CPU
		{7EBAAA8B-0245-40B5-8676-6AEAFCC4AE76}.Debug|Any CPU.Build.0 = Debug|Any CPU
		{7EBAAA8B-0245-40B5-8676-6AEAFCC4AE76}.Release|Any CPU.ActiveCfg = Release|Any CPU
		{7EBAAA8B-0245-40B5-8676-6AEAFCC4AE76}.Release|Any CPU.Build.0 = Release|Any CPU
		{49138C7B-3491-440C-88C7-0F35BC6463CE}.Debug|Any CPU.ActiveCfg = Debug|Any CPU
		{49138C7B-3491-440C-88C7-0F35BC6463CE}.Debug|Any CPU.Build.0 = Debug|Any CPU
		{49138C7B-3491-440C-88C7-0F35BC6463CE}.Release|Any CPU.ActiveCfg = Release|Any CPU
		{49138C7B-3491-440C-88C7-0F35BC6463CE}.Release|Any CPU.Build.0 = Release|Any CPU
		{C52E5D1E-84EA-2286-5FB9-75F33C370D27}.Debug|Any CPU.ActiveCfg = Debug|Any CPU
		{C52E5D1E-84EA-2286-5FB9-75F33C370D27}.Debug|Any CPU.Build.0 = Debug|Any CPU
		{C52E5D1E-84EA-2286-5FB9-75F33C370D27}.Release|Any CPU.ActiveCfg = Release|Any CPU
		{C52E5D1E-84EA-2286-5FB9-75F33C370D27}.Release|Any CPU.Build.0 = Release|Any CPU
		{2BE346C3-68F0-C21C-9E77-A19F2D5CC3FC}.Debug|Any CPU.ActiveCfg = Debug|Any CPU
		{2BE346C3-68F0-C21C-9E77-A19F2D5CC3FC}.Debug|Any CPU.Build.0 = Debug|Any CPU
		{2BE346C3-68F0-C21C-9E77-A19F2D5CC3FC}.Release|Any CPU.ActiveCfg = Release|Any CPU
		{2BE346C3-68F0-C21C-9E77-A19F2D5CC3FC}.Release|Any CPU.Build.0 = Release|Any CPU
		{C6DFEB89-25D1-D0DA-0277-CC0B7D1587AB}.Debug|Any CPU.ActiveCfg = Debug|Any CPU
		{C6DFEB89-25D1-D0DA-0277-CC0B7D1587AB}.Debug|Any CPU.Build.0 = Debug|Any CPU
		{C6DFEB89-25D1-D0DA-0277-CC0B7D1587AB}.Release|Any CPU.ActiveCfg = Release|Any CPU
		{C6DFEB89-25D1-D0DA-0277-CC0B7D1587AB}.Release|Any CPU.Build.0 = Release|Any CPU
		{1069BC82-7303-C6B1-E2C4-0FD3F5E2664F}.Debug|Any CPU.ActiveCfg = Debug|Any CPU
		{1069BC82-7303-C6B1-E2C4-0FD3F5E2664F}.Debug|Any CPU.Build.0 = Debug|Any CPU
		{1069BC82-7303-C6B1-E2C4-0FD3F5E2664F}.Release|Any CPU.ActiveCfg = Release|Any CPU
		{1069BC82-7303-C6B1-E2C4-0FD3F5E2664F}.Release|Any CPU.Build.0 = Release|Any CPU
		{471C34D2-AB3B-68BD-C88A-81FDD22E66A7}.Debug|Any CPU.ActiveCfg = Debug|Any CPU
		{471C34D2-AB3B-68BD-C88A-81FDD22E66A7}.Debug|Any CPU.Build.0 = Debug|Any CPU
		{471C34D2-AB3B-68BD-C88A-81FDD22E66A7}.Release|Any CPU.ActiveCfg = Release|Any CPU
		{471C34D2-AB3B-68BD-C88A-81FDD22E66A7}.Release|Any CPU.Build.0 = Release|Any CPU
	EndGlobalSection
	GlobalSection(SolutionProperties) = preSolution
		HideSolutionNode = FALSE
	EndGlobalSection
	GlobalSection(ExtensibilityGlobals) = postSolution
		SolutionGuid = {888BC56D-2D57-4C44-9B9D-74C6AE46C861}
	EndGlobalSection
EndGlobal
